
Microsoft Visual Studio Solution File, Format Version 12.00
# Visual Studio Version 17
VisualStudioVersion = 17.10.35013.160
MinimumVisualStudioVersion = 10.0.40219.1
Project("{8BC9CEB8-8B4A-11D0-8D11-00A0C91BC942}") = "VenoXRLAI", "VenoXRLAI.vcxproj", "{4DF77EFF-CA8B-4E1D-BB0A-C58B328E119D}"
EndProject
Global
	GlobalSection(SolutionConfigurationPlatforms) = preSolution
		Release|x64 = Release|x64
	EndGlobalSection
	GlobalSection(ProjectConfigurationPlatforms) = postSolution
		{4DF77EFF-CA8B-4E1D-BB0A-C58B328E119D}.Release|x64.ActiveCfg = Release|x64
		{4DF77EFF-CA8B-4E1D-BB0A-C58B328E119D}.Release|x64.Build.0 = Release|x64
	EndGlobalSection
	GlobalSection(SolutionProperties) = preSolution
		HideSolutionNode = FALSE
	EndGlobalSection
	GlobalSection(ExtensibilityGlobals) = postSolution
		SolutionGuid = {FEE3AE83-A68F-4ACE-A8CC-192EB934102A}
	EndGlobalSection
EndGlobal
